
Microsoft Visual Studio Solution File, Format Version 11.00
# Visual Studio 2010
Project("{FAE04EC0-301F-11D3-BF4B-00C04F79EFBC}") = "XmlSettings", "XmlSettings\XmlSettings.csproj", "{1E876D43-3A70-46A2-923E-FB8E17EDAEAD}"
EndProject
Global
	GlobalSection(SolutionConfigurationPlatforms) = preSolution
		Debug|Any CPU = Debug|Any CPU
		Release|Any CPU = Release|Any CPU
	EndGlobalSection
	GlobalSection(ProjectConfigurationPlatforms) = postSolution
		{1E876D43-3A70-46A2-923E-FB8E17EDAEAD}.Debug|Any CPU.ActiveCfg = Debug|Any CPU
		{1E876D43-3A70-46A2-923E-FB8E17EDAEAD}.Debug|Any CPU.Build.0 = Debug|Any CPU
		{1E876D43-3A70-46A2-923E-FB8E17EDAEAD}.Release|Any CPU.ActiveCfg = Release|Any CPU
		{1E876D43-3A70-46A2-923E-FB8E17EDAEAD}.Release|Any CPU.Build.0 = Release|Any CPU
	EndGlobalSection
	GlobalSection(SolutionProperties) = preSolution
		HideSolutionNode = FALSE
	EndGlobalSection
EndGlobal
